{
  "name": "webengineeringws22",
  "version": "1.0.0",
  "lockfileVersion": 2,
  "requires": true,
  "packages": {
    "": {
      "name": "webengineeringws22",
      "version": "1.0.0",
      "license": "ISC",
      "dependencies": {
        "stopwords-de": "^0.3.0"
      }
    },
    "node_modules/stopwords-de": {
      "version": "0.3.0",
      "resolved": "https://registry.npmjs.org/stopwords-de/-/stopwords-de-0.3.0.tgz",
      "integrity": "sha512-9Agjg1Hv6nXxEZFI1L1WUo1Qqbiy113Xjdw2PDZ9L/YISASZuPJZlShF7AGXDhULiBvmWdg4rBlCv05CJsXnww==",
      "engines": {
        "node": ">=0.10.0"
      }
    }
  },
  "dependencies": {
    "stopwords-de": {
      "version": "0.3.0",
      "resolved": "https://registry.npmjs.org/stopwords-de/-/stopwords-de-0.3.0.tgz",
      "integrity": "sha512-9Agjg1Hv6nXxEZFI1L1WUo1Qqbiy113Xjdw2PDZ9L/YISASZuPJZlShF7AGXDhULiBvmWdg4rBlCv05CJsXnww=="
    }
  }
}
